
Microsoft Visual Studio Solution File, Format Version 12.00
# Visual Studio Version 17
VisualStudioVersion = 17.1.32210.238
MinimumVisualStudioVersion = 10.0.40219.1
Project("{FAE04EC0-301F-11D3-BF4B-00C04F79EFBC}") = "BookStore", "BookStore.csproj", "{81CE1F6F-19A8-47EB-8F62-ACDDB3444222}"
EndProject
Project("{FAE04EC0-301F-11D3-BF4B-00C04F79EFBC}") = "ConsoleApp1", "..\ConsoleApp1\ConsoleApp1.csproj", "{9DE406E8-0357-4C0E-9CD1-04BCF74D3A6E}"
EndProject
Global
	GlobalSection(SolutionConfigurationPlatforms) = preSolution
		Debug|Any CPU = Debug|Any CPU
		Release|Any CPU = Release|Any CPU
	EndGlobalSection
	GlobalSection(ProjectConfigurationPlatforms) = postSolution
		{81CE1F6F-19A8-47EB-8F62-ACDDB3444222}.Debug|Any CPU.ActiveCfg = Debug|Any CPU
		{81CE1F6F-19A8-47EB-8F62-ACDDB3444222}.Debug|Any CPU.Build.0 = Debug|Any CPU
		{81CE1F6F-19A8-47EB-8F62-ACDDB3444222}.Release|Any CPU.ActiveCfg = Release|Any CPU
		{81CE1F6F-19A8-47EB-8F62-ACDDB3444222}.Release|Any CPU.Build.0 = Release|Any CPU
		{9DE406E8-0357-4C0E-9CD1-04BCF74D3A6E}.Debug|Any CPU.ActiveCfg = Debug|Any CPU
		{9DE406E8-0357-4C0E-9CD1-04BCF74D3A6E}.Debug|Any CPU.Build.0 = Debug|Any CPU
		{9DE406E8-0357-4C0E-9CD1-04BCF74D3A6E}.Release|Any CPU.ActiveCfg = Release|Any CPU
		{9DE406E8-0357-4C0E-9CD1-04BCF74D3A6E}.Release|Any CPU.Build.0 = Release|Any CPU
	EndGlobalSection
	GlobalSection(SolutionProperties) = preSolution
		HideSolutionNode = FALSE
	EndGlobalSection
	GlobalSection(ExtensibilityGlobals) = postSolution
		SolutionGuid = {581F15AE-B1B1-4804-9535-2B08C295F829}
	EndGlobalSection
EndGlobal
